
Microsoft Visual Studio Solution File, Format Version 12.00
# Visual Studio Version 17
VisualStudioVersion = 17.8.34330.188
MinimumVisualStudioVersion = 10.0.40219.1
Project("{8BC9CEB8-8B4A-11D0-8D11-00A0C91BC942}") = "RobotsModel", "RobotsModel\RobotsModel.vcxproj", "{A685514E-A793-4A83-94B6-61114970B930}"
EndProject
Project("{8BC9CEB8-8B4A-11D0-8D11-00A0C91BC942}") = "RobotsController", "RobotsController\RobotsController.vcxproj", "{94F63EC7-A77E-477D-B399-9CA23B406280}"
EndProject
Project("{8BC9CEB8-8B4A-11D0-8D11-00A0C91BC942}") = "RobotsGUIview", "RobotsGUIview\RobotsGUIview.vcxproj", "{0B2306C3-D33A-438E-B9D9-05144D755797}"
EndProject
Global
	GlobalSection(SolutionConfigurationPlatforms) = preSolution
		Debug|ARM64 = Debug|ARM64
		Debug|x64 = Debug|x64
		Debug|x86 = Debug|x86
		Release|ARM64 = Release|ARM64
		Release|x64 = Release|x64
		Release|x86 = Release|x86
	EndGlobalSection
	GlobalSection(ProjectConfigurationPlatforms) = postSolution
		{A685514E-A793-4A83-94B6-61114970B930}.Debug|ARM64.ActiveCfg = Debug|ARM64
		{A685514E-A793-4A83-94B6-61114970B930}.Debug|ARM64.Build.0 = Debug|ARM64
		{A685514E-A793-4A83-94B6-61114970B930}.Debug|x64.ActiveCfg = Debug|x64
		{A685514E-A793-4A83-94B6-61114970B930}.Debug|x64.Build.0 = Debug|x64
		{A685514E-A793-4A83-94B6-61114970B930}.Debug|x86.ActiveCfg = Debug|Win32
		{A685514E-A793-4A83-94B6-61114970B930}.Debug|x86.Build.0 = Debug|Win32
		{A685514E-A793-4A83-94B6-61114970B930}.Release|ARM64.ActiveCfg = Release|ARM64
		{A685514E-A793-4A83-94B6-61114970B930}.Release|ARM64.Build.0 = Release|ARM64
		{A685514E-A793-4A83-94B6-61114970B930}.Release|x64.ActiveCfg = Release|x64
		{A685514E-A793-4A83-94B6-61114970B930}.Release|x64.Build.0 = Release|x64
		{A685514E-A793-4A83-94B6-61114970B930}.Release|x86.ActiveCfg = Release|Win32
		{A685514E-A793-4A83-94B6-61114970B930}.Release|x86.Build.0 = Release|Win32
		{94F63EC7-A77E-477D-B399-9CA23B406280}.Debug|ARM64.ActiveCfg = Debug|ARM64
		{94F63EC7-A77E-477D-B399-9CA23B406280}.Debug|ARM64.Build.0 = Debug|ARM64
		{94F63EC7-A77E-477D-B399-9CA23B406280}.Debug|x64.ActiveCfg = Debug|x64
		{94F63EC7-A77E-477D-B399-9CA23B406280}.Debug|x64.Build.0 = Debug|x64
		{94F63EC7-A77E-477D-B399-9CA23B406280}.Debug|x86.ActiveCfg = Debug|Win32
		{94F63EC7-A77E-477D-B399-9CA23B406280}.Debug|x86.Build.0 = Debug|Win32
		{94F63EC7-A77E-477D-B399-9CA23B406280}.Release|ARM64.ActiveCfg = Release|ARM64
		{94F63EC7-A77E-477D-B399-9CA23B406280}.Release|ARM64.Build.0 = Release|ARM64
		{94F63EC7-A77E-477D-B399-9CA23B406280}.Release|x64.ActiveCfg = Release|x64
		{94F63EC7-A77E-477D-B399-9CA23B406280}.Release|x64.Build.0 = Release|x64
		{94F63EC7-A77E-477D-B399-9CA23B406280}.Release|x86.ActiveCfg = Release|Win32
		{94F63EC7-A77E-477D-B399-9CA23B406280}.Release|x86.Build.0 = Release|Win32
		{0B2306C3-D33A-438E-B9D9-05144D755797}.Debug|ARM64.ActiveCfg = Debug|x64
		{0B2306C3-D33A-438E-B9D9-05144D755797}.Debug|ARM64.Build.0 = Debug|x64
		{0B2306C3-D33A-438E-B9D9-05144D755797}.Debug|x64.ActiveCfg = Debug|x64
		{0B2306C3-D33A-438E-B9D9-05144D755797}.Debug|x64.Build.0 = Debug|x64
		{0B2306C3-D33A-438E-B9D9-05144D755797}.Debug|x86.ActiveCfg = Debug|Win32
		{0B2306C3-D33A-438E-B9D9-05144D755797}.Debug|x86.Build.0 = Debug|Win32
		{0B2306C3-D33A-438E-B9D9-05144D755797}.Release|ARM64.ActiveCfg = Release|x64
		{0B2306C3-D33A-438E-B9D9-05144D755797}.Release|ARM64.Build.0 = Release|x64
		{0B2306C3-D33A-438E-B9D9-05144D755797}.Release|x64.ActiveCfg = Release|x64
		{0B2306C3-D33A-438E-B9D9-05144D755797}.Release|x64.Build.0 = Release|x64
		{0B2306C3-D33A-438E-B9D9-05144D755797}.Release|x86.ActiveCfg = Release|Win32
		{0B2306C3-D33A-438E-B9D9-05144D755797}.Release|x86.Build.0 = Release|Win32
	EndGlobalSection
	GlobalSection(SolutionProperties) = preSolution
		HideSolutionNode = FALSE
	EndGlobalSection
	GlobalSection(ExtensibilityGlobals) = postSolution
		SolutionGuid = {C336A40A-73F8-40C8-AADB-4BF6FA12AA9A}
	EndGlobalSection
EndGlobal
